
Microsoft Visual Studio Solution File, Format Version 12.00
Project("{FAE04EC0-301F-11D3-BF4B-00C04F79EFBC}") = "Backend", "Backend\Backend.csproj", "{D949CDE9-F658-46BD-B488-2B64CB479BBE}"
EndProject
Project("{FAE04EC0-301F-11D3-BF4B-00C04F79EFBC}") = "Backend.Tests", "tests\Backend.Tests\Backend.Tests.csproj", "{37F4E8A9-8758-42C1-91CA-A7684793905D}"
EndProject
Global
	GlobalSection(SolutionConfigurationPlatforms) = preSolution
		Debug|Any CPU = Debug|Any CPU
		Release|Any CPU = Release|Any CPU
	EndGlobalSection
	GlobalSection(ProjectConfigurationPlatforms) = postSolution
		{D949CDE9-F658-46BD-B488-2B64CB479BBE}.Debug|Any CPU.ActiveCfg = Debug|Any CPU
		{D949CDE9-F658-46BD-B488-2B64CB479BBE}.Debug|Any CPU.Build.0 = Debug|Any CPU
		{D949CDE9-F658-46BD-B488-2B64CB479BBE}.Release|Any CPU.ActiveCfg = Release|Any CPU
		{D949CDE9-F658-46BD-B488-2B64CB479BBE}.Release|Any CPU.Build.0 = Release|Any CPU
		{37F4E8A9-8758-42C1-91CA-A7684793905D}.Debug|Any CPU.ActiveCfg = Debug|Any CPU
		{37F4E8A9-8758-42C1-91CA-A7684793905D}.Debug|Any CPU.Build.0 = Debug|Any CPU
		{37F4E8A9-8758-42C1-91CA-A7684793905D}.Release|Any CPU.ActiveCfg = Release|Any CPU
		{37F4E8A9-8758-42C1-91CA-A7684793905D}.Release|Any CPU.Build.0 = Release|Any CPU
	EndGlobalSection
EndGlobal
